# This file is automatically @generated by Cargo.
# It is not intended for manual editing.
version = 3

[[package]]
name = "endpoint"
version = "0.1.0"

[[package]]
name = "http_client"
version = "0.1.0"
dependencies = [
 "misc",
]

[[package]]
name = "map_app_navigation_service_bin"
version = "0.1.0"
dependencies = [
 "http_client",
 "misc",
]

[[package]]
name = "misc"
version = "0.1.0"

[[package]]
name = "service"
version = "0.1.0"
